// !$*UTF8*$!
{
	archiveVersion = 1;
	classes = {
	};
	objectVersion = 46;
	objects = {

/* Begin PBXBuildFile section */
		3A1466261AAF1290008E6F16 /* main.m in Sources */ = {isa = PBXBuildFile; fileRef = 3A1466251AAF1290008E6F16 /* main.m */; };
		3A1466291AAF1290008E6F16 /* AppDelegate.m in Sources */ = {isa = PBXBuildFile; fileRef = 3A1466281AAF1290008E6F16 /* AppDelegate.m */; };
		3A14662F1AAF1290008E6F16 /* Main.storyboard in Resources */ = {isa = PBXBuildFile; fileRef = 3A14662D1AAF1290008E6F16 /* Main.storyboard */; };
		3A1466311AAF1290008E6F16 /* Images.xcassets in Resources */ = {isa = PBXBuildFile; fileRef = 3A1466301AAF1290008E6F16 /* Images.xcassets */; };
		3A1466341AAF1290008E6F16 /* LaunchScreen.xib in Resources */ = {isa = PBXBuildFile; fileRef = 3A1466321AAF1290008E6F16 /* LaunchScreen.xib */; };
		3A1466401AAF1290008E6F16 /* QiuShiBaiKeTests.m in Sources */ = {isa = PBXBuildFile; fileRef = 3A14663F1AAF1290008E6F16 /* QiuShiBaiKeTests.m */; };
		3A4D302A1AAFF17700D2420E /* MKAnnotationView+WebCache.m in Sources */ = {isa = PBXBuildFile; fileRef = 3A4D300A1AAFF17700D2420E /* MKAnnotationView+WebCache.m */; };
		3A4D302B1AAFF17700D2420E /* NSData+ImageContentType.m in Sources */ = {isa = PBXBuildFile; fileRef = 3A4D300C1AAFF17700D2420E /* NSData+ImageContentType.m */; };
		3A4D302C1AAFF17700D2420E /* SDImageCache.m in Sources */ = {isa = PBXBuildFile; fileRef = 3A4D300E1AAFF17700D2420E /* SDImageCache.m */; };
		3A4D302D1AAFF17700D2420E /* SDWebImageCompat.m in Sources */ = {isa = PBXBuildFile; fileRef = 3A4D30101AAFF17700D2420E /* SDWebImageCompat.m */; };
		3A4D302E1AAFF17700D2420E /* SDWebImageDecoder.m in Sources */ = {isa = PBXBuildFile; fileRef = 3A4D30121AAFF17700D2420E /* SDWebImageDecoder.m */; };
		3A4D302F1AAFF17700D2420E /* SDWebImageDownloader.m in Sources */ = {isa = PBXBuildFile; fileRef = 3A4D30141AAFF17700D2420E /* SDWebImageDownloader.m */; };
		3A4D30301AAFF17700D2420E /* SDWebImageDownloaderOperation.m in Sources */ = {isa = PBXBuildFile; fileRef = 3A4D30161AAFF17700D2420E /* SDWebImageDownloaderOperation.m */; };
		3A4D30311AAFF17700D2420E /* SDWebImageManager.m in Sources */ = {isa = PBXBuildFile; fileRef = 3A4D30181AAFF17700D2420E /* SDWebImageManager.m */; };
		3A4D30321AAFF17700D2420E /* SDWebImagePrefetcher.m in Sources */ = {isa = PBXBuildFile; fileRef = 3A4D301B1AAFF17700D2420E /* SDWebImagePrefetcher.m */; };
		3A4D30331AAFF17700D2420E /* UIButton+WebCache.m in Sources */ = {isa = PBXBuildFile; fileRef = 3A4D301D1AAFF17700D2420E /* UIButton+WebCache.m */; };
		3A4D30341AAFF17700D2420E /* UIImage+GIF.m in Sources */ = {isa = PBXBuildFile; fileRef = 3A4D301F1AAFF17700D2420E /* UIImage+GIF.m */; };
		3A4D30351AAFF17700D2420E /* UIImage+MultiFormat.m in Sources */ = {isa = PBXBuildFile; fileRef = 3A4D30211AAFF17700D2420E /* UIImage+MultiFormat.m */; };
		3A4D30361AAFF17700D2420E /* UIImage+WebP.m in Sources */ = {isa = PBXBuildFile; fileRef = 3A4D30231AAFF17700D2420E /* UIImage+WebP.m */; };
		3A4D30371AAFF17700D2420E /* UIImageView+HighlightedWebCache.m in Sources */ = {isa = PBXBuildFile; fileRef = 3A4D30251AAFF17700D2420E /* UIImageView+HighlightedWebCache.m */; };
		3A4D30381AAFF17700D2420E /* UIImageView+WebCache.m in Sources */ = {isa = PBXBuildFile; fileRef = 3A4D30271AAFF17700D2420E /* UIImageView+WebCache.m */; };
		3A4D30391AAFF17700D2420E /* UIView+WebCacheOperation.m in Sources */ = {isa = PBXBuildFile; fileRef = 3A4D30291AAFF17700D2420E /* UIView+WebCacheOperation.m */; };
		3AB0E71D1AAF19D300F14047 /* ViewController.m in Sources */ = {isa = PBXBuildFile; fileRef = 3AB0E71C1AAF19D300F14047 /* ViewController.m */; };
		3AB0E7241AAF1B9500F14047 /* InfoPlist.strings in Resources */ = {isa = PBXBuildFile; fileRef = 3AB0E7261AAF1B9500F14047 /* InfoPlist.strings */; };
		3AB0E72C1AAF1C1A00F14047 /* Localizable.strings in Resources */ = {isa = PBXBuildFile; fileRef = 3AB0E72E1AAF1C1A00F14047 /* Localizable.strings */; };
		3AB0E7391AAF1FF100F14047 /* QBNetwork.m in Sources */ = {isa = PBXBuildFile; fileRef = 3AB0E7381AAF1FF100F14047 /* QBNetwork.m */; };
		3AB0E73F1AAF2C6500F14047 /* QBQiuShiItem.m in Sources */ = {isa = PBXBuildFile; fileRef = 3AB0E73E1AAF2C6500F14047 /* QBQiuShiItem.m */; };
		3AB0E7421AAF2CCE00F14047 /* QBUserInfo.m in Sources */ = {isa = PBXBuildFile; fileRef = 3AB0E7411AAF2CCE00F14047 /* QBUserInfo.m */; };
		3AB0E7451AAF2D9500F14047 /* QBVoteInfo.m in Sources */ = {isa = PBXBuildFile; fileRef = 3AB0E7441AAF2D9500F14047 /* QBVoteInfo.m */; };
/* End PBXBuildFile section */

/* Begin PBXContainerItemProxy section */
		3A14663A1AAF1290008E6F16 /* PBXContainerItemProxy */ = {
			isa = PBXContainerItemProxy;
			containerPortal = 3A1466181AAF1290008E6F16 /* Project object */;
			proxyType = 1;
			remoteGlobalIDString = 3A14661F1AAF1290008E6F16;
			remoteInfo = QiuShiBaiKe;
		};
/* End PBXContainerItemProxy section */

/* Begin PBXFileReference section */
		3A1466201AAF1290008E6F16 /* QiuShiBaiKe.app */ = {isa = PBXFileReference; explicitFileType = wrapper.application; includeInIndex = 0; path = QiuShiBaiKe.app; sourceTree = BUILT_PRODUCTS_DIR; };
		3A1466241AAF1290008E6F16 /* Info.plist */ = {isa = PBXFileReference; lastKnownFileType = text.plist.xml; path = Info.plist; sourceTree = "<group>"; };
		3A1466251AAF1290008E6F16 /* main.m */ = {isa = PBXFileReference; lastKnownFileType = sourcecode.c.objc; path = main.m; sourceTree = "<group>"; };
		3A1466271AAF1290008E6F16 /* AppDelegate.h */ = {isa = PBXFileReference; lastKnownFileType = sourcecode.c.h; path = AppDelegate.h; sourceTree = "<group>"; };
		3A1466281AAF1290008E6F16 /* AppDelegate.m */ = {isa = PBXFileReference; lastKnownFileType = sourcecode.c.objc; path = AppDelegate.m; sourceTree = "<group>"; };
		3A14662E1AAF1290008E6F16 /* Base */ = {isa = PBXFileReference; lastKnownFileType = file.storyboard; name = Base; path = Base.lproj/Main.storyboard; sourceTree = "<group>"; };
		3A1466301AAF1290008E6F16 /* Images.xcassets */ = {isa = PBXFileReference; lastKnownFileType = folder.assetcatalog; path = Images.xcassets; sourceTree = "<group>"; };
		3A1466331AAF1290008E6F16 /* Base */ = {isa = PBXFileReference; lastKnownFileType = file.xib; name = Base; path = Base.lproj/LaunchScreen.xib; sourceTree = "<group>"; };
		3A1466391AAF1290008E6F16 /* QiuShiBaiKeTests.xctest */ = {isa = PBXFileReference; explicitFileType = wrapper.cfbundle; includeInIndex = 0; path = QiuShiBaiKeTests.xctest; sourceTree = BUILT_PRODUCTS_DIR; };
		3A14663E1AAF1290008E6F16 /* Info.plist */ = {isa = PBXFileReference; lastKnownFileType = text.plist.xml; path = Info.plist; sourceTree = "<group>"; };
		3A14663F1AAF1290008E6F16 /* QiuShiBaiKeTests.m */ = {isa = PBXFileReference; lastKnownFileType = sourcecode.c.objc; path = QiuShiBaiKeTests.m; sourceTree = "<group>"; };
		3A4D30091AAFF17700D2420E /* MKAnnotationView+WebCache.h */ = {isa = PBXFileReference; fileEncoding = 4; lastKnownFileType = sourcecode.c.h; name = "MKAnnotationView+WebCache.h"; path = "SDWebImage/MKAnnotationView+WebCache.h"; sourceTree = "<group>"; };
		3A4D300A1AAFF17700D2420E /* MKAnnotationView+WebCache.m */ = {isa = PBXFileReference; fileEncoding = 4; lastKnownFileType = sourcecode.c.objc; name = "MKAnnotationView+WebCache.m"; path = "SDWebImage/MKAnnotationView+WebCache.m"; sourceTree = "<group>"; };
		3A4D300B1AAFF17700D2420E /* NSData+ImageContentType.h */ = {isa = PBXFileReference; fileEncoding = 4; lastKnownFileType = sourcecode.c.h; name = "NSData+ImageContentType.h"; path = "SDWebImage/NSData+ImageContentType.h"; sourceTree = "<group>"; };
		3A4D300C1AAFF17700D2420E /* NSData+ImageContentType.m */ = {isa = PBXFileReference; fileEncoding = 4; lastKnownFileType = sourcecode.c.objc; name = "NSData+ImageContentType.m"; path = "SDWebImage/NSData+ImageContentType.m"; sourceTree = "<group>"; };
		3A4D300D1AAFF17700D2420E /* SDImageCache.h */ = {isa = PBXFileReference; fileEncoding = 4; lastKnownFileType = sourcecode.c.h; name = SDImageCache.h; path = SDWebImage/SDImageCache.h; sourceTree = "<group>"; };
		3A4D300E1AAFF17700D2420E /* SDImageCache.m */ = {isa = PBXFileReference; fileEncoding = 4; lastKnownFileType = sourcecode.c.objc; name = SDImageCache.m; path = SDWebImage/SDImageCache.m; sourceTree = "<group>"; };
		3A4D300F1AAFF17700D2420E /* SDWebImageCompat.h */ = {isa = PBXFileReference; fileEncoding = 4; lastKnownFileType = sourcecode.c.h; name = SDWebImageCompat.h; path = SDWebImage/SDWebImageCompat.h; sourceTree = "<group>"; };
		3A4D30101AAFF17700D2420E /* SDWebImageCompat.m */ = {isa = PBXFileReference; fileEncoding = 4; lastKnownFileType = sourcecode.c.objc; name = SDWebImageCompat.m; path = SDWebImage/SDWebImageCompat.m; sourceTree = "<group>"; };
		3A4D30111AAFF17700D2420E /* SDWebImageDecoder.h */ = {isa = PBXFileReference; fileEncoding = 4; lastKnownFileType = sourcecode.c.h; name = SDWebImageDecoder.h; path = SDWebImage/SDWebImageDecoder.h; sourceTree = "<group>"; };
		3A4D30121AAFF17700D2420E /* SDWebImageDecoder.m */ = {isa = PBXFileReference; fileEncoding = 4; lastKnownFileType = sourcecode.c.objc; name = SDWebImageDecoder.m; path = SDWebImage/SDWebImageDecoder.m; sourceTree = "<group>"; };
		3A4D30131AAFF17700D2420E /* SDWebImageDownloader.h */ = {isa = PBXFileReference; fileEncoding = 4; lastKnownFileType = sourcecode.c.h; name = SDWebImageDownloader.h; path = SDWebImage/SDWebImageDownloader.h; sourceTree = "<group>"; };
		3A4D30141AAFF17700D2420E /* SDWebImageDownloader.m */ = {isa = PBXFileReference; fileEncoding = 4; lastKnownFileType = sourcecode.c.objc; name = SDWebImageDownloader.m; path = SDWebImage/SDWebImageDownloader.m; sourceTree = "<group>"; };
		3A4D30151AAFF17700D2420E /* SDWebImageDownloaderOperation.h */ = {isa = PBXFileReference; fileEncoding = 4; lastKnownFileType = sourcecode.c.h; name = SDWebImageDownloaderOperation.h; path = SDWebImage/SDWebImageDownloaderOperation.h; sourceTree = "<group>"; };
		3A4D30161AAFF17700D2420E /* SDWebImageDownloaderOperation.m */ = {isa = PBXFileReference; fileEncoding = 4; lastKnownFileType = sourcecode.c.objc; name = SDWebImageDownloaderOperation.m; path = SDWebImage/SDWebImageDownloaderOperation.m; sourceTree = "<group>"; };
		3A4D30171AAFF17700D2420E /* SDWebImageManager.h */ = {isa = PBXFileReference; fileEncoding = 4; lastKnownFileType = sourcecode.c.h; name = SDWebImageManager.h; path = SDWebImage/SDWebImageManager.h; sourceTree = "<group>"; };
		3A4D30181AAFF17700D2420E /* SDWebImageManager.m */ = {isa = PBXFileReference; fileEncoding = 4; lastKnownFileType = sourcecode.c.objc; name = SDWebImageManager.m; path = SDWebImage/SDWebImageManager.m; sourceTree = "<group>"; };
		3A4D30191AAFF17700D2420E /* SDWebImageOperation.h */ = {isa = PBXFileReference; fileEncoding = 4; lastKnownFileType = sourcecode.c.h; name = SDWebImageOperation.h; path = SDWebImage/SDWebImageOperation.h; sourceTree = "<group>"; };
		3A4D301A1AAFF17700D2420E /* SDWebImagePrefetcher.h */ = {isa = PBXFileReference; fileEncoding = 4; lastKnownFileType = sourcecode.c.h; name = SDWebImagePrefetcher.h; path = SDWebImage/SDWebImagePrefetcher.h; sourceTree = "<group>"; };
		3A4D301B1AAFF17700D2420E /* SDWebImagePrefetcher.m */ = {isa = PBXFileReference; fileEncoding = 4; lastKnownFileType = sourcecode.c.objc; name = SDWebImagePrefetcher.m; path = SDWebImage/SDWebImagePrefetcher.m; sourceTree = "<group>"; };
		3A4D301C1AAFF17700D2420E /* UIButton+WebCache.h */ = {isa = PBXFileReference; fileEncoding = 4; lastKnownFileType = sourcecode.c.h; name = "UIButton+WebCache.h"; path = "SDWebImage/UIButton+WebCache.h"; sourceTree = "<group>"; };
		3A4D301D1AAFF17700D2420E /* UIButton+WebCache.m */ = {isa = PBXFileReference; fileEncoding = 4; lastKnownFileType = sourcecode.c.objc; name = "UIButton+WebCache.m"; path = "SDWebImage/UIButton+WebCache.m"; sourceTree = "<group>"; };
		3A4D301E1AAFF17700D2420E /* UIImage+GIF.h */ = {isa = PBXFileReference; fileEncoding = 4; lastKnownFileType = sourcecode.c.h; name = "UIImage+GIF.h"; path = "SDWebImage/UIImage+GIF.h"; sourceTree = "<group>"; };
		3A4D301F1AAFF17700D2420E /* UIImage+GIF.m */ = {isa = PBXFileReference; fileEncoding = 4; lastKnownFileType = sourcecode.c.objc; name = "UIImage+GIF.m"; path = "SDWebImage/UIImage+GIF.m"; sourceTree = "<group>"; };
		3A4D30201AAFF17700D2420E /* UIImage+MultiFormat.h */ = {isa = PBXFileReference; fileEncoding = 4; lastKnownFileType = sourcecode.c.h; name = "UIImage+MultiFormat.h"; path = "SDWebImage/UIImage+MultiFormat.h"; sourceTree = "<group>"; };
		3A4D30211AAFF17700D2420E /* UIImage+MultiFormat.m */ = {isa = PBXFileReference; fileEncoding = 4; lastKnownFileType = sourcecode.c.objc; name = "UIImage+MultiFormat.m"; path = "SDWebImage/UIImage+MultiFormat.m"; sourceTree = "<group>"; };
		3A4D30221AAFF17700D2420E /* UIImage+WebP.h */ = {isa = PBXFileReference; fileEncoding = 4; lastKnownFileType = sourcecode.c.h; name = "UIImage+WebP.h"; path = "SDWebImage/UIImage+WebP.h"; sourceTree = "<group>"; };
		3A4D30231AAFF17700D2420E /* UIImage+WebP.m */ = {isa = PBXFileReference; fileEncoding = 4; lastKnownFileType = sourcecode.c.objc; name = "UIImage+WebP.m"; path = "SDWebImage/UIImage+WebP.m"; sourceTree = "<group>"; };
		3A4D30241AAFF17700D2420E /* UIImageView+HighlightedWebCache.h */ = {isa = PBXFileReference; fileEncoding = 4; lastKnownFileType = sourcecode.c.h; name = "UIImageView+HighlightedWebCache.h"; path = "SDWebImage/UIImageView+HighlightedWebCache.h"; sourceTree = "<group>"; };
		3A4D30251AAFF17700D2420E /* UIImageView+HighlightedWebCache.m */ = {isa = PBXFileReference; fileEncoding = 4; lastKnownFileType = sourcecode.c.objc; name = "UIImageView+HighlightedWebCache.m"; path = "SDWebImage/UIImageView+HighlightedWebCache.m"; sourceTree = "<group>"; };
		3A4D30261AAFF17700D2420E /* UIImageView+WebCache.h */ = {isa = PBXFileReference; fileEncoding = 4; lastKnownFileType = sourcecode.c.h; name = "UIImageView+WebCache.h"; path = "SDWebImage/UIImageView+WebCache.h"; sourceTree = "<group>"; };
		3A4D30271AAFF17700D2420E /* UIImageView+WebCache.m */ = {isa = PBXFileReference; fileEncoding = 4; lastKnownFileType = sourcecode.c.objc; name = "UIImageView+WebCache.m"; path = "SDWebImage/UIImageView+WebCache.m"; sourceTree = "<group>"; };
		3A4D30281AAFF17700D2420E /* UIView+WebCacheOperation.h */ = {isa = PBXFileReference; fileEncoding = 4; lastKnownFileType = sourcecode.c.h; name = "UIView+WebCacheOperation.h"; path = "SDWebImage/UIView+WebCacheOperation.h"; sourceTree = "<group>"; };
		3A4D30291AAFF17700D2420E /* UIView+WebCacheOperation.m */ = {isa = PBXFileReference; fileEncoding = 4; lastKnownFileType = sourcecode.c.objc; name = "UIView+WebCacheOperation.m"; path = "SDWebImage/UIView+WebCacheOperation.m"; sourceTree = "<group>"; };
		3AB0E71B1AAF19D300F14047 /* ViewController.h */ = {isa = PBXFileReference; fileEncoding = 4; lastKnownFileType = sourcecode.c.h; name = ViewController.h; path = ViewControllers/ViewController.h; sourceTree = "<group>"; };
		3AB0E71C1AAF19D300F14047 /* ViewController.m */ = {isa = PBXFileReference; fileEncoding = 4; lastKnownFileType = sourcecode.c.objc; name = ViewController.m; path = ViewControllers/ViewController.m; sourceTree = "<group>"; };
		3AB0E7251AAF1B9500F14047 /* Base */ = {isa = PBXFileReference; lastKnownFileType = text.plist.strings; name = Base; path = Base.lproj/InfoPlist.strings; sourceTree = "<group>"; };
		3AB0E7271AAF1B9600F14047 /* zh-Hans */ = {isa = PBXFileReference; lastKnownFileType = text.plist.strings; name = "zh-Hans"; path = "zh-Hans.lproj/InfoPlist.strings"; sourceTree = "<group>"; };
		3AB0E7281AAF1BC000F14047 /* zh-Hans */ = {isa = PBXFileReference; lastKnownFileType = file.xib; name = "zh-Hans"; path = "zh-Hans.lproj/LaunchScreen.xib"; sourceTree = "<group>"; };
		3AB0E7291AAF1BC000F14047 /* zh-Hans */ = {isa = PBXFileReference; lastKnownFileType = file.storyboard; name = "zh-Hans"; path = "zh-Hans.lproj/Main.storyboard"; sourceTree = "<group>"; };
		3AB0E72D1AAF1C1A00F14047 /* Base */ = {isa = PBXFileReference; lastKnownFileType = text.plist.strings; name = Base; path = Base.lproj/Localizable.strings; sourceTree = "<group>"; };
		3AB0E72F1AAF1C1C00F14047 /* zh-Hans */ = {isa = PBXFileReference; lastKnownFileType = text.plist.strings; name = "zh-Hans"; path = "zh-Hans.lproj/Localizable.strings"; sourceTree = "<group>"; };
		3AB0E7371AAF1FF100F14047 /* QBNetwork.h */ = {isa = PBXFileReference; fileEncoding = 4; lastKnownFileType = sourcecode.c.h; name = QBNetwork.h; path = Network/QBNetwork.h; sourceTree = "<group>"; };
		3AB0E7381AAF1FF100F14047 /* QBNetwork.m */ = {isa = PBXFileReference; fileEncoding = 4; lastKnownFileType = sourcecode.c.objc; name = QBNetwork.m; path = Network/QBNetwork.m; sourceTree = "<group>"; };
		3AB0E73C1AAF20C600F14047 /* QBNetworkGlobalData.h */ = {isa = PBXFileReference; fileEncoding = 4; lastKnownFileType = sourcecode.c.h; name = QBNetworkGlobalData.h; path = Models/QBNetworkGlobalData.h; sourceTree = "<group>"; };
		3AB0E73D1AAF2C6500F14047 /* QBQiuShiItem.h */ = {isa = PBXFileReference; fileEncoding = 4; lastKnownFileType = sourcecode.c.h; name = QBQiuShiItem.h; path = Models/QBQiuShiItem.h; sourceTree = "<group>"; };
		3AB0E73E1AAF2C6500F14047 /* QBQiuShiItem.m */ = {isa = PBXFileReference; fileEncoding = 4; lastKnownFileType = sourcecode.c.objc; name = QBQiuShiItem.m; path = Models/QBQiuShiItem.m; sourceTree = "<group>"; };
		3AB0E7401AAF2CCE00F14047 /* QBUserInfo.h */ = {isa = PBXFileReference; fileEncoding = 4; lastKnownFileType = sourcecode.c.h; name = QBUserInfo.h; path = Models/QBUserInfo.h; sourceTree = "<group>"; };
		3AB0E7411AAF2CCE00F14047 /* QBUserInfo.m */ = {isa = PBXFileReference; fileEncoding = 4; lastKnownFileType = sourcecode.c.objc; name = QBUserInfo.m; path = Models/QBUserInfo.m; sourceTree = "<group>"; };
		3AB0E7431AAF2D9500F14047 /* QBVoteInfo.h */ = {isa = PBXFileReference; fileEncoding = 4; lastKnownFileType = sourcecode.c.h; name = QBVoteInfo.h; path = Models/QBVoteInfo.h; sourceTree = "<group>"; };
		3AB0E7441AAF2D9500F14047 /* QBVoteInfo.m */ = {isa = PBXFileReference; fileEncoding = 4; lastKnownFileType = sourcecode.c.objc; name = QBVoteInfo.m; path = Models/QBVoteInfo.m; sourceTree = "<group>"; };
/* End PBXFileReference section */

/* Begin PBXFrameworksBuildPhase section */
		3A14661D1AAF1290008E6F16 /* Frameworks */ = {
			isa = PBXFrameworksBuildPhase;
			buildActionMask = 2147483647;
			files = (
			);
			runOnlyForDeploymentPostprocessing = 0;
		};
		3A1466361AAF1290008E6F16 /* Frameworks */ = {
			isa = PBXFrameworksBuildPhase;
			buildActionMask = 2147483647;
			files = (
			);
			runOnlyForDeploymentPostprocessing = 0;
		};
/* End PBXFrameworksBuildPhase section */

/* Begin PBXGroup section */
		3A1466171AAF1290008E6F16 = {
			isa = PBXGroup;
			children = (
				3A1466221AAF1290008E6F16 /* QiuShiBaiKe */,
				3A14663C1AAF1290008E6F16 /* QiuShiBaiKeTests */,
				3A1466211AAF1290008E6F16 /* Products */,
			);
			sourceTree = "<group>";
		};
		3A1466211AAF1290008E6F16 /* Products */ = {
			isa = PBXGroup;
			children = (
				3A1466201AAF1290008E6F16 /* QiuShiBaiKe.app */,
				3A1466391AAF1290008E6F16 /* QiuShiBaiKeTests.xctest */,
			);
			name = Products;
			sourceTree = "<group>";
		};
		3A1466221AAF1290008E6F16 /* QiuShiBaiKe */ = {
			isa = PBXGroup;
			children = (
				3A1E0ACF1AB08E2700DDF297 /* CustomControls */,
				3A4D30081AAFF13700D2420E /* SDWebImage */,
				3AB0E7311AAF1DF500F14047 /* Models */,
				3AB0E7301AAF1DB200F14047 /* Network */,
				3A1466271AAF1290008E6F16 /* AppDelegate.h */,
				3A1466281AAF1290008E6F16 /* AppDelegate.m */,
				3A14664A1AAF17FF008E6F16 /* ViewControllers */,
				3A1466491AAF17F8008E6F16 /* Views */,
				3A1466301AAF1290008E6F16 /* Images.xcassets */,
				3A1466321AAF1290008E6F16 /* LaunchScreen.xib */,
				3A1466231AAF1290008E6F16 /* Supporting Files */,
			);
			path = QiuShiBaiKe;
			sourceTree = "<group>";
		};
		3A1466231AAF1290008E6F16 /* Supporting Files */ = {
			isa = PBXGroup;
			children = (
				3A1466241AAF1290008E6F16 /* Info.plist */,
				3A1466251AAF1290008E6F16 /* main.m */,
				3AB0E7261AAF1B9500F14047 /* InfoPlist.strings */,
				3AB0E72E1AAF1C1A00F14047 /* Localizable.strings */,
			);
			name = "Supporting Files";
			sourceTree = "<group>";
		};
		3A14663C1AAF1290008E6F16 /* QiuShiBaiKeTests */ = {
			isa = PBXGroup;
			children = (
				3A14663F1AAF1290008E6F16 /* QiuShiBaiKeTests.m */,
				3A14663D1AAF1290008E6F16 /* Supporting Files */,
			);
			path = QiuShiBaiKeTests;
			sourceTree = "<group>";
		};
		3A14663D1AAF1290008E6F16 /* Supporting Files */ = {
			isa = PBXGroup;
			children = (
				3A14663E1AAF1290008E6F16 /* Info.plist */,
			);
			name = "Supporting Files";
			sourceTree = "<group>";
		};
		3A1466491AAF17F8008E6F16 /* Views */ = {
			isa = PBXGroup;
			children = (
				3A14662D1AAF1290008E6F16 /* Main.storyboard */,
			);
			name = Views;
			sourceTree = "<group>";
		};
		3A14664A1AAF17FF008E6F16 /* ViewControllers */ = {
			isa = PBXGroup;
			children = (
				3AB0E71B1AAF19D300F14047 /* ViewController.h */,
				3AB0E71C1AAF19D300F14047 /* ViewController.m */,
			);
			name = ViewControllers;
			sourceTree = "<group>";
		};
		3A1E0ACF1AB08E2700DDF297 /* CustomControls */ = {
			isa = PBXGroup;
			children = (
				3A1E0AD01AB08E3100DDF297 /* TableViewCells */,
			);
			name = CustomControls;
			sourceTree = "<group>";
		};
		3A1E0AD01AB08E3100DDF297 /* TableViewCells */ = {
			isa = PBXGroup;
			children = (
			);
			name = TableViewCells;
			sourceTree = "<group>";
		};
		3A4D30081AAFF13700D2420E /* SDWebImage */ = {
			isa = PBXGroup;
			children = (
				3A4D30091AAFF17700D2420E /* MKAnnotationView+WebCache.h */,
				3A4D300A1AAFF17700D2420E /* MKAnnotationView+WebCache.m */,
				3A4D300B1AAFF17700D2420E /* NSData+ImageContentType.h */,
				3A4D300C1AAFF17700D2420E /* NSData+ImageContentType.m */,
				3A4D300D1AAFF17700D2420E /* SDImageCache.h */,
				3A4D300E1AAFF17700D2420E /* SDImageCache.m */,
				3A4D300F1AAFF17700D2420E /* SDWebImageCompat.h */,
				3A4D30101AAFF17700D2420E /* SDWebImageCompat.m */,
				3A4D30111AAFF17700D2420E /* SDWebImageDecoder.h */,
				3A4D30121AAFF17700D2420E /* SDWebImageDecoder.m */,
				3A4D30131AAFF17700D2420E /* SDWebImageDownloader.h */,
				3A4D30141AAFF17700D2420E /* SDWebImageDownloader.m */,
				3A4D30151AAFF17700D2420E /* SDWebImageDownloaderOperation.h */,
				3A4D30161AAFF17700D2420E /* SDWebImageDownloaderOperation.m */,
				3A4D30171AAFF17700D2420E /* SDWebImageManager.h */,
				3A4D30181AAFF17700D2420E /* SDWebImageManager.m */,
				3A4D30191AAFF17700D2420E /* SDWebImageOperation.h */,
				3A4D301A1AAFF17700D2420E /* SDWebImagePrefetcher.h */,
				3A4D301B1AAFF17700D2420E /* SDWebImagePrefetcher.m */,
				3A4D301C1AAFF17700D2420E /* UIButton+WebCache.h */,
				3A4D301D1AAFF17700D2420E /* UIButton+WebCache.m */,
				3A4D301E1AAFF17700D2420E /* UIImage+GIF.h */,
				3A4D301F1AAFF17700D2420E /* UIImage+GIF.m */,
				3A4D30201AAFF17700D2420E /* UIImage+MultiFormat.h */,
				3A4D30211AAFF17700D2420E /* UIImage+MultiFormat.m */,
				3A4D30221AAFF17700D2420E /* UIImage+WebP.h */,
				3A4D30231AAFF17700D2420E /* UIImage+WebP.m */,
				3A4D30241AAFF17700D2420E /* UIImageView+HighlightedWebCache.h */,
				3A4D30251AAFF17700D2420E /* UIImageView+HighlightedWebCache.m */,
				3A4D30261AAFF17700D2420E /* UIImageView+WebCache.h */,
				3A4D30271AAFF17700D2420E /* UIImageView+WebCache.m */,
				3A4D30281AAFF17700D2420E /* UIView+WebCacheOperation.h */,
				3A4D30291AAFF17700D2420E /* UIView+WebCacheOperation.m */,
			);
			name = SDWebImage;
			sourceTree = "<group>";
		};
		3AB0E7301AAF1DB200F14047 /* Network */ = {
			isa = PBXGroup;
			children = (
				3AB0E7371AAF1FF100F14047 /* QBNetwork.h */,
				3AB0E7381AAF1FF100F14047 /* QBNetwork.m */,
			);
			name = Network;
			sourceTree = "<group>";
		};
		3AB0E7311AAF1DF500F14047 /* Models */ = {
			isa = PBXGroup;
			children = (
				3AB0E73C1AAF20C600F14047 /* QBNetworkGlobalData.h */,
				3AB0E73D1AAF2C6500F14047 /* QBQiuShiItem.h */,
				3AB0E73E1AAF2C6500F14047 /* QBQiuShiItem.m */,
				3AB0E7401AAF2CCE00F14047 /* QBUserInfo.h */,
				3AB0E7411AAF2CCE00F14047 /* QBUserInfo.m */,
				3AB0E7431AAF2D9500F14047 /* QBVoteInfo.h */,
				3AB0E7441AAF2D9500F14047 /* QBVoteInfo.m */,
			);
			name = Models;
			sourceTree = "<group>";
		};
/* End PBXGroup section */

/* Begin PBXNativeTarget section */
		3A14661F1AAF1290008E6F16 /* QiuShiBaiKe */ = {
			isa = PBXNativeTarget;
			buildConfigurationList = 3A1466431AAF1290008E6F16 /* Build configuration list for PBXNativeTarget "QiuShiBaiKe" */;
			buildPhases = (
				3A14661C1AAF1290008E6F16 /* Sources */,
				3A14661D1AAF1290008E6F16 /* Frameworks */,
				3A14661E1AAF1290008E6F16 /* Resources */,
			);
			buildRules = (
			);
			dependencies = (
			);
			name = QiuShiBaiKe;
			productName = QiuShiBaiKe;
			productReference = 3A1466201AAF1290008E6F16 /* QiuShiBaiKe.app */;
			productType = "com.apple.product-type.application";
		};
		3A1466381AAF1290008E6F16 /* QiuShiBaiKeTests */ = {
			isa = PBXNativeTarget;
			buildConfigurationList = 3A1466461AAF1290008E6F16 /* Build configuration list for PBXNativeTarget "QiuShiBaiKeTests" */;
			buildPhases = (
				3A1466351AAF1290008E6F16 /* Sources */,
				3A1466361AAF1290008E6F16 /* Frameworks */,
				3A1466371AAF1290008E6F16 /* Resources */,
			);
			buildRules = (
			);
			dependencies = (
				3A14663B1AAF1290008E6F16 /* PBXTargetDependency */,
			);
			name = QiuShiBaiKeTests;
			productName = QiuShiBaiKeTests;
			productReference = 3A1466391AAF1290008E6F16 /* QiuShiBaiKeTests.xctest */;
			productType = "com.apple.product-type.bundle.unit-test";
		};
/* End PBXNativeTarget section */

/* Begin PBXProject section */
		3A1466181AAF1290008E6F16 /* Project object */ = {
			isa = PBXProject;
			attributes = {
				LastUpgradeCheck = 0600;
				ORGANIZATIONNAME = wulei;
				TargetAttributes = {
					3A14661F1AAF1290008E6F16 = {
						CreatedOnToolsVersion = 6.0.1;
					};
					3A1466381AAF1290008E6F16 = {
						CreatedOnToolsVersion = 6.0.1;
						TestTargetID = 3A14661F1AAF1290008E6F16;
					};
				};
			};
			buildConfigurationList = 3A14661B1AAF1290008E6F16 /* Build configuration list for PBXProject "QiuShiBaiKe" */;
			compatibilityVersion = "Xcode 3.2";
			developmentRegion = English;
			hasScannedForEncodings = 0;
			knownRegions = (
				Base,
				"zh-Hans",
			);
			mainGroup = 3A1466171AAF1290008E6F16;
			productRefGroup = 3A1466211AAF1290008E6F16 /* Products */;
			projectDirPath = "";
			projectRoot = "";
			targets = (
				3A14661F1AAF1290008E6F16 /* QiuShiBaiKe */,
				3A1466381AAF1290008E6F16 /* QiuShiBaiKeTests */,
			);
		};
/* End PBXProject section */

/* Begin PBXResourcesBuildPhase section */
		3A14661E1AAF1290008E6F16 /* Resources */ = {
			isa = PBXResourcesBuildPhase;
			buildActionMask = 2147483647;
			files = (
				3AB0E72C1AAF1C1A00F14047 /* Localizable.strings in Resources */,
				3A14662F1AAF1290008E6F16 /* Main.storyboard in Resources */,
				3AB0E7241AAF1B9500F14047 /* InfoPlist.strings in Resources */,
				3A1466341AAF1290008E6F16 /* LaunchScreen.xib in Resources */,
				3A1466311AAF1290008E6F16 /* Images.xcassets in Resources */,
			);
			runOnlyForDeploymentPostprocessing = 0;
		};
		3A1466371AAF1290008E6F16 /* Resources */ = {
			isa = PBXResourcesBuildPhase;
			buildActionMask = 2147483647;
			files = (
			);
			runOnlyForDeploymentPostprocessing = 0;
		};
/* End PBXResourcesBuildPhase section */

/* Begin PBXSourcesBuildPhase section */
		3A14661C1AAF1290008E6F16 /* Sources */ = {
			isa = PBXSourcesBuildPhase;
			buildActionMask = 2147483647;
			files = (
				3A4D30381AAFF17700D2420E /* UIImageView+WebCache.m in Sources */,
				3A4D30341AAFF17700D2420E /* UIImage+GIF.m in Sources */,
				3A4D302D1AAFF17700D2420E /* SDWebImageCompat.m in Sources */,
				3A4D30331AAFF17700D2420E /* UIButton+WebCache.m in Sources */,
				3A4D30351AAFF17700D2420E /* UIImage+MultiFormat.m in Sources */,
				3A4D30321AAFF17700D2420E /* SDWebImagePrefetcher.m in Sources */,
				3AB0E73F1AAF2C6500F14047 /* QBQiuShiItem.m in Sources */,
				3A4D30391AAFF17700D2420E /* UIView+WebCacheOperation.m in Sources */,
				3A4D302A1AAFF17700D2420E /* MKAnnotationView+WebCache.m in Sources */,
				3A4D30361AAFF17700D2420E /* UIImage+WebP.m in Sources */,
				3AB0E71D1AAF19D300F14047 /* ViewController.m in Sources */,
				3A4D30301AAFF17700D2420E /* SDWebImageDownloaderOperation.m in Sources */,
				3A4D302E1AAFF17700D2420E /* SDWebImageDecoder.m in Sources */,
				3A1466291AAF1290008E6F16 /* AppDelegate.m in Sources */,
				3A4D30371AAFF17700D2420E /* UIImageView+HighlightedWebCache.m in Sources */,
				3A4D302B1AAFF17700D2420E /* NSData+ImageContentType.m in Sources */,
				3A4D302F1AAFF17700D2420E /* SDWebImageDownloader.m in Sources */,
				3AB0E7421AAF2CCE00F14047 /* QBUserInfo.m in Sources */,
				3A1466261AAF1290008E6F16 /* main.m in Sources */,
				3AB0E7451AAF2D9500F14047 /* QBVoteInfo.m in Sources */,
				3A4D30311AAFF17700D2420E /* SDWebImageManager.m in Sources */,
				3AB0E7391AAF1FF100F14047 /* QBNetwork.m in Sources */,
				3A4D302C1AAFF17700D2420E /* SDImageCache.m in Sources */,
			);
			runOnlyForDeploymentPostprocessing = 0;
		};
		3A1466351AAF1290008E6F16 /* Sources */ = {
			isa = PBXSourcesBuildPhase;
			buildActionMask = 2147483647;
			files = (
				3A1466401AAF1290008E6F16 /* QiuShiBaiKeTests.m in Sources */,
			);
			runOnlyForDeploymentPostprocessing = 0;
		};
/* End PBXSourcesBuildPhase section */

/* Begin PBXTargetDependency section */
		3A14663B1AAF1290008E6F16 /* PBXTargetDependency */ = {
			isa = PBXTargetDependency;
			target = 3A14661F1AAF1290008E6F16 /* QiuShiBaiKe */;
			targetProxy = 3A14663A1AAF1290008E6F16 /* PBXContainerItemProxy */;
		};
/* End PBXTargetDependency section */

/* Begin PBXVariantGroup section */
		3A14662D1AAF1290008E6F16 /* Main.storyboard */ = {
			isa = PBXVariantGroup;
			children = (
				3A14662E1AAF1290008E6F16 /* Base */,
				3AB0E7291AAF1BC000F14047 /* zh-Hans */,
			);
			name = Main.storyboard;
			sourceTree = "<group>";
		};
		3A1466321AAF1290008E6F16 /* LaunchScreen.xib */ = {
			isa = PBXVariantGroup;
			children = (
				3A1466331AAF1290008E6F16 /* Base */,
				3AB0E7281AAF1BC000F14047 /* zh-Hans */,
			);
			name = LaunchScreen.xib;
			sourceTree = "<group>";
		};
		3AB0E7261AAF1B9500F14047 /* InfoPlist.strings */ = {
			isa = PBXVariantGroup;
			children = (
				3AB0E7251AAF1B9500F14047 /* Base */,
				3AB0E7271AAF1B9600F14047 /* zh-Hans */,
			);
			name = InfoPlist.strings;
			sourceTree = "<group>";
		};
		3AB0E72E1AAF1C1A00F14047 /* Localizable.strings */ = {
			isa = PBXVariantGroup;
			children = (
				3AB0E72D1AAF1C1A00F14047 /* Base */,
				3AB0E72F1AAF1C1C00F14047 /* zh-Hans */,
			);
			name = Localizable.strings;
			sourceTree = "<group>";
		};
/* End PBXVariantGroup section */

/* Begin XCBuildConfiguration section */
		3A1466411AAF1290008E6F16 /* Debug */ = {
			isa = XCBuildConfiguration;
			buildSettings = {
				ALWAYS_SEARCH_USER_PATHS = NO;
				CLANG_CXX_LANGUAGE_STANDARD = "gnu++0x";
				CLANG_CXX_LIBRARY = "libc++";
				CLANG_ENABLE_MODULES = YES;
				CLANG_ENABLE_OBJC_ARC = YES;
				CLANG_WARN_BOOL_CONVERSION = YES;
				CLANG_WARN_CONSTANT_CONVERSION = YES;
				CLANG_WARN_DIRECT_OBJC_ISA_USAGE = YES_ERROR;
				CLANG_WARN_EMPTY_BODY = YES;
				CLANG_WARN_ENUM_CONVERSION = YES;
				CLANG_WARN_INT_CONVERSION = YES;
				CLANG_WARN_OBJC_ROOT_CLASS = YES_ERROR;
				CLANG_WARN_UNREACHABLE_CODE = YES;
				CLANG_WARN__DUPLICATE_METHOD_MATCH = YES;
				"CODE_SIGN_IDENTITY[sdk=iphoneos*]" = "iPhone Developer";
				COPY_PHASE_STRIP = NO;
				ENABLE_STRICT_OBJC_MSGSEND = YES;
				GCC_C_LANGUAGE_STANDARD = gnu99;
				GCC_DYNAMIC_NO_PIC = NO;
				GCC_OPTIMIZATION_LEVEL = 0;
				GCC_PREPROCESSOR_DEFINITIONS = (
					"DEBUG=1",
					"$(inherited)",
				);
				GCC_SYMBOLS_PRIVATE_EXTERN = NO;
				GCC_WARN_64_TO_32_BIT_CONVERSION = YES;
				GCC_WARN_ABOUT_RETURN_TYPE = YES_ERROR;
				GCC_WARN_UNDECLARED_SELECTOR = YES;
				GCC_WARN_UNINITIALIZED_AUTOS = YES_AGGRESSIVE;
				GCC_WARN_UNUSED_FUNCTION = YES;
				GCC_WARN_UNUSED_VARIABLE = YES;
				IPHONEOS_DEPLOYMENT_TARGET = 8.0;
				MTL_ENABLE_DEBUG_INFO = YES;
				ONLY_ACTIVE_ARCH = YES;
				SDKROOT = iphoneos;
				TARGETED_DEVICE_FAMILY = "1,2";
			};
			name = Debug;
		};
		3A1466421AAF1290008E6F16 /* Release */ = {
			isa = XCBuildConfiguration;
			buildSettings = {
				ALWAYS_SEARCH_USER_PATHS = NO;
				CLANG_CXX_LANGUAGE_STANDARD = "gnu++0x";
				CLANG_CXX_LIBRARY = "libc++";
				CLANG_ENABLE_MODULES = YES;
				CLANG_ENABLE_OBJC_ARC = YES;
				CLANG_WARN_BOOL_CONVERSION = YES;
				CLANG_WARN_CONSTANT_CONVERSION = YES;
				CLANG_WARN_DIRECT_OBJC_ISA_USAGE = YES_ERROR;
				CLANG_WARN_EMPTY_BODY = YES;
				CLANG_WARN_ENUM_CONVERSION = YES;
				CLANG_WARN_INT_CONVERSION = YES;
				CLANG_WARN_OBJC_ROOT_CLASS = YES_ERROR;
				CLANG_WARN_UNREACHABLE_CODE = YES;
				CLANG_WARN__DUPLICATE_METHOD_MATCH = YES;
				"CODE_SIGN_IDENTITY[sdk=iphoneos*]" = "iPhone Developer";
				COPY_PHASE_STRIP = YES;
				ENABLE_NS_ASSERTIONS = NO;
				ENABLE_STRICT_OBJC_MSGSEND = YES;
				GCC_C_LANGUAGE_STANDARD = gnu99;
				GCC_WARN_64_TO_32_BIT_CONVERSION = YES;
				GCC_WARN_ABOUT_RETURN_TYPE = YES_ERROR;
				GCC_WARN_UNDECLARED_SELECTOR = YES;
				GCC_WARN_UNINITIALIZED_AUTOS = YES_AGGRESSIVE;
				GCC_WARN_UNUSED_FUNCTION = YES;
				GCC_WARN_UNUSED_VARIABLE = YES;
				IPHONEOS_DEPLOYMENT_TARGET = 8.0;
				MTL_ENABLE_DEBUG_INFO = NO;
				SDKROOT = iphoneos;
				TARGETED_DEVICE_FAMILY = "1,2";
				VALIDATE_PRODUCT = YES;
			};
			name = Release;
		};
		3A1466441AAF1290008E6F16 /* Debug */ = {
			isa = XCBuildConfiguration;
			buildSettings = {
				ASSETCATALOG_COMPILER_APPICON_NAME = AppIcon;
				INFOPLIST_FILE = QiuShiBaiKe/Info.plist;
				LD_RUNPATH_SEARCH_PATHS = "$(inherited) @executable_path/Frameworks";
				PRODUCT_NAME = "$(TARGET_NAME)";
			};
			name = Debug;
		};
		3A1466451AAF1290008E6F16 /* Release */ = {
			isa = XCBuildConfiguration;
			buildSettings = {
				ASSETCATALOG_COMPILER_APPICON_NAME = AppIcon;
				INFOPLIST_FILE = QiuShiBaiKe/Info.plist;
				LD_RUNPATH_SEARCH_PATHS = "$(inherited) @executable_path/Frameworks";
				PRODUCT_NAME = "$(TARGET_NAME)";
			};
			name = Release;
		};
		3A1466471AAF1290008E6F16 /* Debug */ = {
			isa = XCBuildConfiguration;
			buildSettings = {
				BUNDLE_LOADER = "$(TEST_HOST)";
				FRAMEWORK_SEARCH_PATHS = (
					"$(SDKROOT)/Developer/Library/Frameworks",
					"$(inherited)",
				);
				GCC_PREPROCESSOR_DEFINITIONS = (
					"DEBUG=1",
					"$(inherited)",
				);
				INFOPLIST_FILE = QiuShiBaiKeTests/Info.plist;
				LD_RUNPATH_SEARCH_PATHS = "$(inherited) @executable_path/Frameworks @loader_path/Frameworks";
				PRODUCT_NAME = "$(TARGET_NAME)";
				TEST_HOST = "$(BUILT_PRODUCTS_DIR)/QiuShiBaiKe.app/QiuShiBaiKe";
			};
			name = Debug;
		};
		3A1466481AAF1290008E6F16 /* Release */ = {
			isa = XCBuildConfiguration;
			buildSettings = {
				BUNDLE_LOADER = "$(TEST_HOST)";
				FRAMEWORK_SEARCH_PATHS = (
					"$(SDKROOT)/Developer/Library/Frameworks",
					"$(inherited)",
				);
				INFOPLIST_FILE = QiuShiBaiKeTests/Info.plist;
				LD_RUNPATH_SEARCH_PATHS = "$(inherited) @executable_path/Frameworks @loader_path/Frameworks";
				PRODUCT_NAME = "$(TARGET_NAME)";
				TEST_HOST = "$(BUILT_PRODUCTS_DIR)/QiuShiBaiKe.app/QiuShiBaiKe";
			};
			name = Release;
		};
/* End XCBuildConfiguration section */

/* Begin XCConfigurationList section */
		3A14661B1AAF1290008E6F16 /* Build configuration list for PBXProject "QiuShiBaiKe" */ = {
			isa = XCConfigurationList;
			buildConfigurations = (
				3A1466411AAF1290008E6F16 /* Debug */,
				3A1466421AAF1290008E6F16 /* Release */,
			);
			defaultConfigurationIsVisible = 0;
			defaultConfigurationName = Release;
		};
		3A1466431AAF1290008E6F16 /* Build configuration list for PBXNativeTarget "QiuShiBaiKe" */ = {
			isa = XCConfigurationList;
			buildConfigurations = (
				3A1466441AAF1290008E6F16 /* Debug */,
				3A1466451AAF1290008E6F16 /* Release */,
			);
			defaultConfigurationIsVisible = 0;
			defaultConfigurationName = Release;
		};
		3A1466461AAF1290008E6F16 /* Build configuration list for PBXNativeTarget "QiuShiBaiKeTests" */ = {
			isa = XCConfigurationList;
			buildConfigurations = (
				3A1466471AAF1290008E6F16 /* Debug */,
				3A1466481AAF1290008E6F16 /* Release */,
			);
			defaultConfigurationIsVisible = 0;
			defaultConfigurationName = Release;
		};
/* End XCConfigurationList section */
	};
	rootObject = 3A1466181AAF1290008E6F16 /* Project object */;
}
